
Microsoft Visual Studio Solution File, Format Version 12.00
# Visual Studio Version 17
VisualStudioVersion = 17.2.32630.192
MinimumVisualStudioVersion = 10.0.40219.1
Project("{FAE04EC0-301F-11D3-BF4B-00C04F79EFBC}") = "Lab_03-Prog", "Lab_03-Prog\Lab_03-Prog.csproj", "{A17BCDDF-12FB-4E46-B3FF-3C42A4070161}"
EndProject
Global
	GlobalSection(SolutionConfigurationPlatforms) = preSolution
		Debug|Any CPU = Debug|Any CPU
		Release|Any CPU = Release|Any CPU
	EndGlobalSection
	GlobalSection(ProjectConfigurationPlatforms) = postSolution
		{A17BCDDF-12FB-4E46-B3FF-3C42A4070161}.Debug|Any CPU.ActiveCfg = Debug|Any CPU
		{A17BCDDF-12FB-4E46-B3FF-3C42A4070161}.Debug|Any CPU.Build.0 = Debug|Any CPU
		{A17BCDDF-12FB-4E46-B3FF-3C42A4070161}.Release|Any CPU.ActiveCfg = Release|Any CPU
		{A17BCDDF-12FB-4E46-B3FF-3C42A4070161}.Release|Any CPU.Build.0 = Release|Any CPU
	EndGlobalSection
	GlobalSection(SolutionProperties) = preSolution
		HideSolutionNode = FALSE
	EndGlobalSection
	GlobalSection(ExtensibilityGlobals) = postSolution
		SolutionGuid = {B4FD63E4-6429-42DF-8CB0-87C33879979F}
	EndGlobalSection
EndGlobal
