
Microsoft Visual Studio Solution File, Format Version 12.00
# Visual Studio Version 17
VisualStudioVersion = 17.4.33103.184
MinimumVisualStudioVersion = 10.0.40219.1
Project("{FAE04EC0-301F-11D3-BF4B-00C04F79EFBC}") = "Lab 05-Prog", "Lab 05-Prog\Lab 05-Prog.csproj", "{8DF284C6-AD4F-4C6F-8664-9447539363E8}"
EndProject
Project("{9A19103F-16F7-4668-BE54-9A1E7A4F7556}") = "Lab 05-Lib", "Lab 05-Lib\Lab 05-Lib.csproj", "{3A63F020-CB39-4B57-A849-B83973AE48C8}"
EndProject
Global
	GlobalSection(SolutionConfigurationPlatforms) = preSolution
		Debug|Any CPU = Debug|Any CPU
		Release|Any CPU = Release|Any CPU
	EndGlobalSection
	GlobalSection(ProjectConfigurationPlatforms) = postSolution
		{8DF284C6-AD4F-4C6F-8664-9447539363E8}.Debug|Any CPU.ActiveCfg = Debug|Any CPU
		{8DF284C6-AD4F-4C6F-8664-9447539363E8}.Debug|Any CPU.Build.0 = Debug|Any CPU
		{8DF284C6-AD4F-4C6F-8664-9447539363E8}.Release|Any CPU.ActiveCfg = Release|Any CPU
		{8DF284C6-AD4F-4C6F-8664-9447539363E8}.Release|Any CPU.Build.0 = Release|Any CPU
		{3A63F020-CB39-4B57-A849-B83973AE48C8}.Debug|Any CPU.ActiveCfg = Debug|Any CPU
		{3A63F020-CB39-4B57-A849-B83973AE48C8}.Debug|Any CPU.Build.0 = Debug|Any CPU
		{3A63F020-CB39-4B57-A849-B83973AE48C8}.Release|Any CPU.ActiveCfg = Release|Any CPU
		{3A63F020-CB39-4B57-A849-B83973AE48C8}.Release|Any CPU.Build.0 = Release|Any CPU
	EndGlobalSection
	GlobalSection(SolutionProperties) = preSolution
		HideSolutionNode = FALSE
	EndGlobalSection
	GlobalSection(ExtensibilityGlobals) = postSolution
		SolutionGuid = {E2A91C7E-80E8-407F-B704-07B7E1390B4F}
	EndGlobalSection
EndGlobal
